
Microsoft Visual Studio Solution File, Format Version 12.00
# Visual Studio Version 16
VisualStudioVersion = 16.0.29709.97
MinimumVisualStudioVersion = 10.0.40219.1
Project("{2150E333-8FDC-42A3-9474-1A3956D46DE8}") = "1 - Web", "1 - Web", "{57E55FC5-3D7C-4F7A-A5A2-8028B0618DD6}"
EndProject
Project("{2150E333-8FDC-42A3-9474-1A3956D46DE8}") = "2 - Application", "2 - Application", "{2AC6B2F3-6F8A-43E6-BE2B-6EAF41EECEAC}"
EndProject
Project("{2150E333-8FDC-42A3-9474-1A3956D46DE8}") = "3 - Domain", "3 - Domain", "{44154A23-2931-4547-81EB-D25793863541}"
EndProject
Project("{2150E333-8FDC-42A3-9474-1A3956D46DE8}") = "4 - Services", "4 - Services", "{A6ED0D3A-91B4-4932-A379-F82E188D0B77}"
EndProject
Project("{2150E333-8FDC-42A3-9474-1A3956D46DE8}") = "5 - Repository", "5 - Repository", "{4076717C-F703-4C24-82BE-6155CB3237CC}"
EndProject
Project("{2150E333-8FDC-42A3-9474-1A3956D46DE8}") = "6 - Infra", "6 - Infra", "{AA48995F-34E6-4C0A-BC15-9E50B3253977}"
EndProject
Project("{9A19103F-16F7-4668-BE54-9A1E7A4F7556}") = "JimHalpert.Application", "JimHalpert.Application\JimHalpert.Application.csproj", "{405466CB-AEC2-4BDD-A0E4-65698B7910FB}"
EndProject
Project("{9A19103F-16F7-4668-BE54-9A1E7A4F7556}") = "JimHalpert.Domain", "JimHalpert.Domain\JimHalpert.Domain.csproj", "{B92CAAE7-2B38-4170-A39E-2921E7A977C7}"
EndProject
Project("{9A19103F-16F7-4668-BE54-9A1E7A4F7556}") = "JimHalpert.Services", "JimHalpert.Services\JimHalpert.Services.csproj", "{3C71798F-60E6-4DA0-9C33-1F589C750F3C}"
EndProject
Project("{9A19103F-16F7-4668-BE54-9A1E7A4F7556}") = "JimHalpert.Repository", "JimHalpert.Repository\JimHalpert.Repository.csproj", "{BF735992-5004-4151-BB12-FCC9A49E10FB}"
EndProject
Project("{9A19103F-16F7-4668-BE54-9A1E7A4F7556}") = "JimHalpert.Ioc", "JimHalpert.Ioc\JimHalpert.Ioc.csproj", "{F3FC364C-AA8E-4C7E-A3E6-001250370025}"
EndProject
Project("{9A19103F-16F7-4668-BE54-9A1E7A4F7556}") = "JimHalpert.Extensions", "JimHalpert.Extensions\JimHalpert.Extensions.csproj", "{EBCF568B-FDB2-4496-9347-6128EDE7B1E6}"
EndProject
Project("{9A19103F-16F7-4668-BE54-9A1E7A4F7556}") = "JimHalpert.DomainValidator", "JimHalpert.DomainValidator\JimHalpert.DomainValidator.csproj", "{5493F5AB-63F8-4FD4-BA4F-11AE86F73A0E}"
EndProject
Project("{FAE04EC0-301F-11D3-BF4B-00C04F79EFBC}") = "JimHalpert.Web", "JimHalpert.Web\JimHalpert.Web.csproj", "{189B6873-B4AB-4BF6-BFA3-37CEC06E12E8}"
EndProject
Global
	GlobalSection(SolutionConfigurationPlatforms) = preSolution
		Debug|Any CPU = Debug|Any CPU
		Release|Any CPU = Release|Any CPU
	EndGlobalSection
	GlobalSection(ProjectConfigurationPlatforms) = postSolution
		{405466CB-AEC2-4BDD-A0E4-65698B7910FB}.Debug|Any CPU.ActiveCfg = Debug|Any CPU
		{405466CB-AEC2-4BDD-A0E4-65698B7910FB}.Debug|Any CPU.Build.0 = Debug|Any CPU
		{405466CB-AEC2-4BDD-A0E4-65698B7910FB}.Release|Any CPU.ActiveCfg = Release|Any CPU
		{405466CB-AEC2-4BDD-A0E4-65698B7910FB}.Release|Any CPU.Build.0 = Release|Any CPU
		{B92CAAE7-2B38-4170-A39E-2921E7A977C7}.Debug|Any CPU.ActiveCfg = Debug|Any CPU
		{B92CAAE7-2B38-4170-A39E-2921E7A977C7}.Debug|Any CPU.Build.0 = Debug|Any CPU
		{B92CAAE7-2B38-4170-A39E-2921E7A977C7}.Release|Any CPU.ActiveCfg = Release|Any CPU
		{B92CAAE7-2B38-4170-A39E-2921E7A977C7}.Release|Any CPU.Build.0 = Release|Any CPU
		{3C71798F-60E6-4DA0-9C33-1F589C750F3C}.Debug|Any CPU.ActiveCfg = Debug|Any CPU
		{3C71798F-60E6-4DA0-9C33-1F589C750F3C}.Debug|Any CPU.Build.0 = Debug|Any CPU
		{3C71798F-60E6-4DA0-9C33-1F589C750F3C}.Release|Any CPU.ActiveCfg = Release|Any CPU
		{3C71798F-60E6-4DA0-9C33-1F589C750F3C}.Release|Any CPU.Build.0 = Release|Any CPU
		{BF735992-5004-4151-BB12-FCC9A49E10FB}.Debug|Any CPU.ActiveCfg = Debug|Any CPU
		{BF735992-5004-4151-BB12-FCC9A49E10FB}.Debug|Any CPU.Build.0 = Debug|Any CPU
		{BF735992-5004-4151-BB12-FCC9A49E10FB}.Release|Any CPU.ActiveCfg = Release|Any CPU
		{BF735992-5004-4151-BB12-FCC9A49E10FB}.Release|Any CPU.Build.0 = Release|Any CPU
		{F3FC364C-AA8E-4C7E-A3E6-001250370025}.Debug|Any CPU.ActiveCfg = Debug|Any CPU
		{F3FC364C-AA8E-4C7E-A3E6-001250370025}.Debug|Any CPU.Build.0 = Debug|Any CPU
		{F3FC364C-AA8E-4C7E-A3E6-001250370025}.Release|Any CPU.ActiveCfg = Release|Any CPU
		{F3FC364C-AA8E-4C7E-A3E6-001250370025}.Release|Any CPU.Build.0 = Release|Any CPU
		{EBCF568B-FDB2-4496-9347-6128EDE7B1E6}.Debug|Any CPU.ActiveCfg = Debug|Any CPU
		{EBCF568B-FDB2-4496-9347-6128EDE7B1E6}.Debug|Any CPU.Build.0 = Debug|Any CPU
		{EBCF568B-FDB2-4496-9347-6128EDE7B1E6}.Release|Any CPU.ActiveCfg = Release|Any CPU
		{EBCF568B-FDB2-4496-9347-6128EDE7B1E6}.Release|Any CPU.Build.0 = Release|Any CPU
		{5493F5AB-63F8-4FD4-BA4F-11AE86F73A0E}.Debug|Any CPU.ActiveCfg = Debug|Any CPU
		{5493F5AB-63F8-4FD4-BA4F-11AE86F73A0E}.Debug|Any CPU.Build.0 = Debug|Any CPU
		{5493F5AB-63F8-4FD4-BA4F-11AE86F73A0E}.Release|Any CPU.ActiveCfg = Release|Any CPU
		{5493F5AB-63F8-4FD4-BA4F-11AE86F73A0E}.Release|Any CPU.Build.0 = Release|Any CPU
		{189B6873-B4AB-4BF6-BFA3-37CEC06E12E8}.Debug|Any CPU.ActiveCfg = Debug|Any CPU
		{189B6873-B4AB-4BF6-BFA3-37CEC06E12E8}.Debug|Any CPU.Build.0 = Debug|Any CPU
		{189B6873-B4AB-4BF6-BFA3-37CEC06E12E8}.Release|Any CPU.ActiveCfg = Release|Any CPU
		{189B6873-B4AB-4BF6-BFA3-37CEC06E12E8}.Release|Any CPU.Build.0 = Release|Any CPU
	EndGlobalSection
	GlobalSection(SolutionProperties) = preSolution
		HideSolutionNode = FALSE
	EndGlobalSection
	GlobalSection(NestedProjects) = preSolution
		{405466CB-AEC2-4BDD-A0E4-65698B7910FB} = {2AC6B2F3-6F8A-43E6-BE2B-6EAF41EECEAC}
		{B92CAAE7-2B38-4170-A39E-2921E7A977C7} = {44154A23-2931-4547-81EB-D25793863541}
		{3C71798F-60E6-4DA0-9C33-1F589C750F3C} = {A6ED0D3A-91B4-4932-A379-F82E188D0B77}
		{BF735992-5004-4151-BB12-FCC9A49E10FB} = {4076717C-F703-4C24-82BE-6155CB3237CC}
		{F3FC364C-AA8E-4C7E-A3E6-001250370025} = {AA48995F-34E6-4C0A-BC15-9E50B3253977}
		{EBCF568B-FDB2-4496-9347-6128EDE7B1E6} = {AA48995F-34E6-4C0A-BC15-9E50B3253977}
		{5493F5AB-63F8-4FD4-BA4F-11AE86F73A0E} = {AA48995F-34E6-4C0A-BC15-9E50B3253977}
		{189B6873-B4AB-4BF6-BFA3-37CEC06E12E8} = {57E55FC5-3D7C-4F7A-A5A2-8028B0618DD6}
	EndGlobalSection
	GlobalSection(ExtensibilityGlobals) = postSolution
		SolutionGuid = {6846CFD2-DA66-4890-BF7B-FD332673F7B2}
	EndGlobalSection
EndGlobal
